
Microsoft Visual Studio Solution File, Format Version 12.00
# Visual Studio Version 17
VisualStudioVersion = 17.2.32616.157
MinimumVisualStudioVersion = 10.0.40219.1
Project("{FAE04EC0-301F-11D3-BF4B-00C04F79EFBC}") = "POS_System", "POS_System.csproj", "{E51BBFA7-373C-4B3E-8723-BB3AE58DED30}"
EndProject
Global
	GlobalSection(SolutionConfigurationPlatforms) = preSolution
		Debug|Any CPU = Debug|Any CPU
		Release|Any CPU = Release|Any CPU
	EndGlobalSection
	GlobalSection(ProjectConfigurationPlatforms) = postSolution
		{E51BBFA7-373C-4B3E-8723-BB3AE58DED30}.Debug|Any CPU.ActiveCfg = Debug|Any CPU
		{E51BBFA7-373C-4B3E-8723-BB3AE58DED30}.Debug|Any CPU.Build.0 = Debug|Any CPU
		{E51BBFA7-373C-4B3E-8723-BB3AE58DED30}.Release|Any CPU.ActiveCfg = Release|Any CPU
		{E51BBFA7-373C-4B3E-8723-BB3AE58DED30}.Release|Any CPU.Build.0 = Release|Any CPU
	EndGlobalSection
	GlobalSection(SolutionProperties) = preSolution
		HideSolutionNode = FALSE
	EndGlobalSection
	GlobalSection(ExtensibilityGlobals) = postSolution
		SolutionGuid = {1EAE2C57-65A5-48C2-9580-8AD40AA399FA}
	EndGlobalSection
EndGlobal
